{
  "version": 4,
  "terraform_version": "1.5.2",
  "serial": 13,
  "lineage": "e9ed355b-79a3-a82c-e287-3bc5ac15e405",
  "outputs": {},
  "resources": [
    {
      "mode": "managed",
      "type": "newrelic_one_dashboard",
      "name": "exampledash",
      "provider": "provider[\"registry.terraform.io/newrelic/newrelic\"]",
      "instances": [
        {
          "schema_version": 0,
          "attributes": {
            "account_id": 4042730,
            "description": null,
            "guid": "NDA0MjczMHxWSVp8REFTSEJPQVJEfGRhOjQwOTk2NTc",
            "id": "NDA0MjczMHxWSVp8REFTSEJPQVJEfGRhOjQwOTk2NTc",
            "name": "My_Dashboard",
            "page": [
              {
                "description": "",
                "guid": "NDA0MjczMHxWSVp8REFTSEJPQVJEfDExMzc4NjY5",
                "name": "New Relic Terraform Dashboard",
                "widget_area": [],
                "widget_bar": [
                  {
                    "colors": [],
                    "column": 3,
                    "facet_show_other_series": false,
                    "filter_current_dashboard": false,
                    "height": 3,
                    "id": "168597455",
                    "ignore_time_range": false,
                    "legend_enabled": true,
                    "linked_entity_guids": [],
                    "nrql_query": [
                      {
                        "account_id": 4042730,
                        "query": "FROM Transaction SELECT average(duration) FACET appName"
                      }
                    ],
                    "null_values": [],
                    "row": 1,
                    "title": "Average transaction duration, by application",
                    "units": [],
                    "width": 3,
                    "y_axis_left_max": 0,
                    "y_axis_left_min": 0
                  }
                ],
                "widget_billboard": [
                  {
                    "colors": [],
                    "column": 1,
                    "critical": "",
                    "facet_show_other_series": false,
                    "height": 3,
                    "id": "168597456",
                    "ignore_time_range": false,
                    "legend_enabled": true,
                    "nrql_query": [
                      {
                        "account_id": 4042730,
                        "query": "FROM Transaction SELECT rate(count(*), 1 minute)"
                      }
                    ],
                    "null_values": [],
                    "row": 1,
                    "title": "Requests per minute",
                    "units": [],
                    "warning": "",
                    "width": 3,
                    "y_axis_left_max": 0,
                    "y_axis_left_min": 0
                  }
                ],
                "widget_bullet": [],
                "widget_funnel": [],
                "widget_heatmap": [],
                "widget_histogram": [],
                "widget_json": [],
                "widget_line": [],
                "widget_log_table": [],
                "widget_markdown": [],
                "widget_pie": [],
                "widget_stacked_bar": [],
                "widget_table": []
              }
            ],
            "permalink": "https://one.newrelic.com/redirect/entity/NDA0MjczMHxWSVp8REFTSEJPQVJEfGRhOjQwOTk2NTc",
            "permissions": "public_read_only",
            "variable": []
          },
          "sensitive_attributes": [],
          "private": "bnVsbA=="
        }
      ]
    }
  ],
  "check_results": null
}
